
Microsoft Visual Studio Solution File, Format Version 12.00
# Visual Studio 14
VisualStudioVersion = 14.0.25420.1
MinimumVisualStudioVersion = 10.0.40219.1
Project("{2150E333-8FDC-42A3-9474-1A3956D46DE8}") = "src", "src", "{9D15E605-94E6-4B1F-AA46-E0F449A342FC}"
EndProject
Project("{2150E333-8FDC-42A3-9474-1A3956D46DE8}") = "tests", "tests", "{6A14DAD5-3D61-40A3-A43C-D6A4CBE6992B}"
EndProject
Project("{FAE04EC0-301F-11D3-BF4B-00C04F79EFBC}") = "Lsquared.Extensions.Money.Tests", "tests\Lsquared.Extensions.Money.Tests\Lsquared.Extensions.Money.Tests.csproj", "{6241EAC6-AA56-4CD0-A6AE-36F5053FECE6}"
EndProject
Project("{FAE04EC0-301F-11D3-BF4B-00C04F79EFBC}") = "Lsquared.Extensions.Money-NetFramework", "src\Lsquared.Extensions.Money\Lsquared.Extensions.Money-NetFramework.csproj", "{ECB386F6-D7AA-49C0-89AB-F166926AD4E5}"
EndProject
Project("{FAE04EC0-301F-11D3-BF4B-00C04F79EFBC}") = "Lsquared.Extensions.Money-NetPortable", "src\Lsquared.Extensions.Money\Lsquared.Extensions.Money-NetPortable.csproj", "{78B3B213-D5EF-4428-8C65-85B80DCC079E}"
EndProject
Project("{FAE04EC0-301F-11D3-BF4B-00C04F79EFBC}") = "Lsquared.Extensions.Money-NetStandard", "src\Lsquared.Extensions.Money\Lsquared.Extensions.Money-NetStandard.csproj", "{DF61FCAE-3EF9-46F0-88C9-7005A86F9886}"
EndProject
Project("{FAE04EC0-301F-11D3-BF4B-00C04F79EFBC}") = "Lsquared.Extensions.Money-UAP", "src\Lsquared.Extensions.Money\Lsquared.Extensions.Money-UAP.csproj", "{C00AEE9D-F818-4564-8951-7B3745C5BBD4}"
EndProject
Global
	GlobalSection(SolutionConfigurationPlatforms) = preSolution
		Debug|Any CPU = Debug|Any CPU
		Debug|ARM = Debug|ARM
		Debug|x64 = Debug|x64
		Debug|x86 = Debug|x86
		Release|Any CPU = Release|Any CPU
		Release|ARM = Release|ARM
		Release|x64 = Release|x64
		Release|x86 = Release|x86
	EndGlobalSection
	GlobalSection(ProjectConfigurationPlatforms) = postSolution
		{6241EAC6-AA56-4CD0-A6AE-36F5053FECE6}.Debug|Any CPU.ActiveCfg = Debug|Any CPU
		{6241EAC6-AA56-4CD0-A6AE-36F5053FECE6}.Debug|Any CPU.Build.0 = Debug|Any CPU
		{6241EAC6-AA56-4CD0-A6AE-36F5053FECE6}.Debug|ARM.ActiveCfg = Debug|Any CPU
		{6241EAC6-AA56-4CD0-A6AE-36F5053FECE6}.Debug|ARM.Build.0 = Debug|Any CPU
		{6241EAC6-AA56-4CD0-A6AE-36F5053FECE6}.Debug|x64.ActiveCfg = Debug|Any CPU
		{6241EAC6-AA56-4CD0-A6AE-36F5053FECE6}.Debug|x64.Build.0 = Debug|Any CPU
		{6241EAC6-AA56-4CD0-A6AE-36F5053FECE6}.Debug|x86.ActiveCfg = Debug|Any CPU
		{6241EAC6-AA56-4CD0-A6AE-36F5053FECE6}.Debug|x86.Build.0 = Debug|Any CPU
		{6241EAC6-AA56-4CD0-A6AE-36F5053FECE6}.Release|Any CPU.ActiveCfg = Release|Any CPU
		{6241EAC6-AA56-4CD0-A6AE-36F5053FECE6}.Release|Any CPU.Build.0 = Release|Any CPU
		{6241EAC6-AA56-4CD0-A6AE-36F5053FECE6}.Release|ARM.ActiveCfg = Release|Any CPU
		{6241EAC6-AA56-4CD0-A6AE-36F5053FECE6}.Release|ARM.Build.0 = Release|Any CPU
		{6241EAC6-AA56-4CD0-A6AE-36F5053FECE6}.Release|x64.ActiveCfg = Release|Any CPU
		{6241EAC6-AA56-4CD0-A6AE-36F5053FECE6}.Release|x64.Build.0 = Release|Any CPU
		{6241EAC6-AA56-4CD0-A6AE-36F5053FECE6}.Release|x86.ActiveCfg = Release|Any CPU
		{6241EAC6-AA56-4CD0-A6AE-36F5053FECE6}.Release|x86.Build.0 = Release|Any CPU
		{ECB386F6-D7AA-49C0-89AB-F166926AD4E5}.Debug|Any CPU.ActiveCfg = Debug|Any CPU
		{ECB386F6-D7AA-49C0-89AB-F166926AD4E5}.Debug|Any CPU.Build.0 = Debug|Any CPU
		{ECB386F6-D7AA-49C0-89AB-F166926AD4E5}.Debug|ARM.ActiveCfg = Debug|Any CPU
		{ECB386F6-D7AA-49C0-89AB-F166926AD4E5}.Debug|ARM.Build.0 = Debug|Any CPU
		{ECB386F6-D7AA-49C0-89AB-F166926AD4E5}.Debug|x64.ActiveCfg = Debug|Any CPU
		{ECB386F6-D7AA-49C0-89AB-F166926AD4E5}.Debug|x64.Build.0 = Debug|Any CPU
		{ECB386F6-D7AA-49C0-89AB-F166926AD4E5}.Debug|x86.ActiveCfg = Debug|Any CPU
		{ECB386F6-D7AA-49C0-89AB-F166926AD4E5}.Debug|x86.Build.0 = Debug|Any CPU
		{ECB386F6-D7AA-49C0-89AB-F166926AD4E5}.Release|Any CPU.ActiveCfg = Release|Any CPU
		{ECB386F6-D7AA-49C0-89AB-F166926AD4E5}.Release|Any CPU.Build.0 = Release|Any CPU
		{ECB386F6-D7AA-49C0-89AB-F166926AD4E5}.Release|ARM.ActiveCfg = Release|Any CPU
		{ECB386F6-D7AA-49C0-89AB-F166926AD4E5}.Release|ARM.Build.0 = Release|Any CPU
		{ECB386F6-D7AA-49C0-89AB-F166926AD4E5}.Release|x64.ActiveCfg = Release|Any CPU
		{ECB386F6-D7AA-49C0-89AB-F166926AD4E5}.Release|x64.Build.0 = Release|Any CPU
		{ECB386F6-D7AA-49C0-89AB-F166926AD4E5}.Release|x86.ActiveCfg = Release|Any CPU
		{ECB386F6-D7AA-49C0-89AB-F166926AD4E5}.Release|x86.Build.0 = Release|Any CPU
		{78B3B213-D5EF-4428-8C65-85B80DCC079E}.Debug|Any CPU.ActiveCfg = Debug|Any CPU
		{78B3B213-D5EF-4428-8C65-85B80DCC079E}.Debug|Any CPU.Build.0 = Debug|Any CPU
		{78B3B213-D5EF-4428-8C65-85B80DCC079E}.Debug|ARM.ActiveCfg = Debug|Any CPU
		{78B3B213-D5EF-4428-8C65-85B80DCC079E}.Debug|ARM.Build.0 = Debug|Any CPU
		{78B3B213-D5EF-4428-8C65-85B80DCC079E}.Debug|x64.ActiveCfg = Debug|Any CPU
		{78B3B213-D5EF-4428-8C65-85B80DCC079E}.Debug|x64.Build.0 = Debug|Any CPU
		{78B3B213-D5EF-4428-8C65-85B80DCC079E}.Debug|x86.ActiveCfg = Debug|Any CPU
		{78B3B213-D5EF-4428-8C65-85B80DCC079E}.Debug|x86.Build.0 = Debug|Any CPU
		{78B3B213-D5EF-4428-8C65-85B80DCC079E}.Release|Any CPU.ActiveCfg = Release|Any CPU
		{78B3B213-D5EF-4428-8C65-85B80DCC079E}.Release|Any CPU.Build.0 = Release|Any CPU
		{78B3B213-D5EF-4428-8C65-85B80DCC079E}.Release|ARM.ActiveCfg = Release|Any CPU
		{78B3B213-D5EF-4428-8C65-85B80DCC079E}.Release|ARM.Build.0 = Release|Any CPU
		{78B3B213-D5EF-4428-8C65-85B80DCC079E}.Release|x64.ActiveCfg = Release|Any CPU
		{78B3B213-D5EF-4428-8C65-85B80DCC079E}.Release|x64.Build.0 = Release|Any CPU
		{78B3B213-D5EF-4428-8C65-85B80DCC079E}.Release|x86.ActiveCfg = Release|Any CPU
		{78B3B213-D5EF-4428-8C65-85B80DCC079E}.Release|x86.Build.0 = Release|Any CPU
		{DF61FCAE-3EF9-46F0-88C9-7005A86F9886}.Debug|Any CPU.ActiveCfg = Debug|Any CPU
		{DF61FCAE-3EF9-46F0-88C9-7005A86F9886}.Debug|Any CPU.Build.0 = Debug|Any CPU
		{DF61FCAE-3EF9-46F0-88C9-7005A86F9886}.Debug|ARM.ActiveCfg = Debug|Any CPU
		{DF61FCAE-3EF9-46F0-88C9-7005A86F9886}.Debug|ARM.Build.0 = Debug|Any CPU
		{DF61FCAE-3EF9-46F0-88C9-7005A86F9886}.Debug|x64.ActiveCfg = Debug|Any CPU
		{DF61FCAE-3EF9-46F0-88C9-7005A86F9886}.Debug|x64.Build.0 = Debug|Any CPU
		{DF61FCAE-3EF9-46F0-88C9-7005A86F9886}.Debug|x86.ActiveCfg = Debug|Any CPU
		{DF61FCAE-3EF9-46F0-88C9-7005A86F9886}.Debug|x86.Build.0 = Debug|Any CPU
		{DF61FCAE-3EF9-46F0-88C9-7005A86F9886}.Release|Any CPU.ActiveCfg = Release|Any CPU
		{DF61FCAE-3EF9-46F0-88C9-7005A86F9886}.Release|Any CPU.Build.0 = Release|Any CPU
		{DF61FCAE-3EF9-46F0-88C9-7005A86F9886}.Release|ARM.ActiveCfg = Release|Any CPU
		{DF61FCAE-3EF9-46F0-88C9-7005A86F9886}.Release|ARM.Build.0 = Release|Any CPU
		{DF61FCAE-3EF9-46F0-88C9-7005A86F9886}.Release|x64.ActiveCfg = Release|Any CPU
		{DF61FCAE-3EF9-46F0-88C9-7005A86F9886}.Release|x64.Build.0 = Release|Any CPU
		{DF61FCAE-3EF9-46F0-88C9-7005A86F9886}.Release|x86.ActiveCfg = Release|Any CPU
		{DF61FCAE-3EF9-46F0-88C9-7005A86F9886}.Release|x86.Build.0 = Release|Any CPU
		{C00AEE9D-F818-4564-8951-7B3745C5BBD4}.Debug|Any CPU.ActiveCfg = Debug|ARM
		{C00AEE9D-F818-4564-8951-7B3745C5BBD4}.Debug|ARM.ActiveCfg = Debug|ARM
		{C00AEE9D-F818-4564-8951-7B3745C5BBD4}.Debug|ARM.Build.0 = Debug|ARM
		{C00AEE9D-F818-4564-8951-7B3745C5BBD4}.Debug|x64.ActiveCfg = Debug|x64
		{C00AEE9D-F818-4564-8951-7B3745C5BBD4}.Debug|x64.Build.0 = Debug|x64
		{C00AEE9D-F818-4564-8951-7B3745C5BBD4}.Debug|x86.ActiveCfg = Debug|x86
		{C00AEE9D-F818-4564-8951-7B3745C5BBD4}.Debug|x86.Build.0 = Debug|x86
		{C00AEE9D-F818-4564-8951-7B3745C5BBD4}.Release|Any CPU.ActiveCfg = Release|ARM
		{C00AEE9D-F818-4564-8951-7B3745C5BBD4}.Release|ARM.ActiveCfg = Release|ARM
		{C00AEE9D-F818-4564-8951-7B3745C5BBD4}.Release|ARM.Build.0 = Release|ARM
		{C00AEE9D-F818-4564-8951-7B3745C5BBD4}.Release|x64.ActiveCfg = Release|x64
		{C00AEE9D-F818-4564-8951-7B3745C5BBD4}.Release|x64.Build.0 = Release|x64
		{C00AEE9D-F818-4564-8951-7B3745C5BBD4}.Release|x86.ActiveCfg = Release|x86
		{C00AEE9D-F818-4564-8951-7B3745C5BBD4}.Release|x86.Build.0 = Release|x86
	EndGlobalSection
	GlobalSection(SolutionProperties) = preSolution
		HideSolutionNode = FALSE
	EndGlobalSection
	GlobalSection(NestedProjects) = preSolution
		{6241EAC6-AA56-4CD0-A6AE-36F5053FECE6} = {6A14DAD5-3D61-40A3-A43C-D6A4CBE6992B}
		{ECB386F6-D7AA-49C0-89AB-F166926AD4E5} = {9D15E605-94E6-4B1F-AA46-E0F449A342FC}
		{78B3B213-D5EF-4428-8C65-85B80DCC079E} = {9D15E605-94E6-4B1F-AA46-E0F449A342FC}
		{DF61FCAE-3EF9-46F0-88C9-7005A86F9886} = {9D15E605-94E6-4B1F-AA46-E0F449A342FC}
		{C00AEE9D-F818-4564-8951-7B3745C5BBD4} = {9D15E605-94E6-4B1F-AA46-E0F449A342FC}
	EndGlobalSection
EndGlobal
